<?xml version="1.0" encoding="UTF-8"?>
<CodeBlocks_project_file>
	<FileVersion major="1" minor="6"/>
	<Project>
		<Option title="mdpe"/>
		<Option makefile_is_custom="1"/>
		<Option compiler="gcc"/>
		<Option virtualFolders="CMake Files\;"/>
		<Build>
			<Target title="all">
				<Option working_dir="/Users/hanxiao/xtnc/rnd/mdpe"/>
				<Option type="4"/>
				<MakeCommands>
					<Build command="/usr/bin/make -j8 -f &quot;/Users/hanxiao/xtnc/rnd/mdpe/Makefile&quot;  VERBOSE=1 all"/>
					<CompileFile command="/usr/bin/make -j8 -f &quot;/Users/hanxiao/xtnc/rnd/mdpe/Makefile&quot;  VERBOSE=1 &quot;$file&quot;"/>
					<Clean command="/usr/bin/make -j8 -f &quot;/Users/hanxiao/xtnc/rnd/mdpe/Makefile&quot;  VERBOSE=1 clean"/>
					<DistClean command="/usr/bin/make -j8 -f &quot;/Users/hanxiao/xtnc/rnd/mdpe/Makefile&quot;  VERBOSE=1 clean"/>
				</MakeCommands>
			</Target>
			<Target title="rebuild_cache">
				<Option working_dir="/Users/hanxiao/xtnc/rnd/mdpe"/>
				<Option type="4"/>
				<MakeCommands>
					<Build command="/usr/bin/make -j8 -f &quot;/Users/hanxiao/xtnc/rnd/mdpe/Makefile&quot;  VERBOSE=1 rebuild_cache"/>
					<CompileFile command="/usr/bin/make -j8 -f &quot;/Users/hanxiao/xtnc/rnd/mdpe/Makefile&quot;  VERBOSE=1 &quot;$file&quot;"/>
					<Clean command="/usr/bin/make -j8 -f &quot;/Users/hanxiao/xtnc/rnd/mdpe/Makefile&quot;  VERBOSE=1 clean"/>
					<DistClean command="/usr/bin/make -j8 -f &quot;/Users/hanxiao/xtnc/rnd/mdpe/Makefile&quot;  VERBOSE=1 clean"/>
				</MakeCommands>
			</Target>
			<Target title="edit_cache">
				<Option working_dir="/Users/hanxiao/xtnc/rnd/mdpe"/>
				<Option type="4"/>
				<MakeCommands>
					<Build command="/usr/bin/make -j8 -f &quot;/Users/hanxiao/xtnc/rnd/mdpe/Makefile&quot;  VERBOSE=1 edit_cache"/>
					<CompileFile command="/usr/bin/make -j8 -f &quot;/Users/hanxiao/xtnc/rnd/mdpe/Makefile&quot;  VERBOSE=1 &quot;$file&quot;"/>
					<Clean command="/usr/bin/make -j8 -f &quot;/Users/hanxiao/xtnc/rnd/mdpe/Makefile&quot;  VERBOSE=1 clean"/>
					<DistClean command="/usr/bin/make -j8 -f &quot;/Users/hanxiao/xtnc/rnd/mdpe/Makefile&quot;  VERBOSE=1 clean"/>
				</MakeCommands>
			</Target>
			<Target title="mdpe">
				<Option output="/Users/hanxiao/xtnc/rnd/mdpe/mdpe" prefix_auto="0" extension_auto="0"/>
				<Option working_dir="/Users/hanxiao/xtnc/rnd/mdpe"/>
				<Option object_output="./"/>
				<Option type="1"/>
				<Option compiler="gcc"/>
				<Compiler>
					<Add directory="/Users/hanxiao/xtnc/rnd/mdpe/src"/>
					<Add directory="/Users/hanxiao/xtnc/rnd/mdpe/./src/includes"/>
					<Add directory="/opt/bb/include"/>
					<Add directory="/opt/xtnc/include"/>
					<Add directory="/Library/Developer/CommandLineTools/usr/include/c++/v1"/>
					<Add directory="/usr/local/include"/>
					<Add directory="/Library/Developer/CommandLineTools/usr/lib/clang/9.0.0/include"/>
					<Add directory="/Library/Developer/CommandLineTools/usr/include"/>
					<Add directory="/usr/include"/>
					<Add directory="/System/Library/Frameworks"/>
					<Add directory="/Library/Frameworks"/>
				</Compiler>
				<MakeCommands>
					<Build command="/usr/bin/make -j8 -f &quot;/Users/hanxiao/xtnc/rnd/mdpe/Makefile&quot;  VERBOSE=1 mdpe"/>
					<CompileFile command="/usr/bin/make -j8 -f &quot;/Users/hanxiao/xtnc/rnd/mdpe/Makefile&quot;  VERBOSE=1 &quot;$file&quot;"/>
					<Clean command="/usr/bin/make -j8 -f &quot;/Users/hanxiao/xtnc/rnd/mdpe/Makefile&quot;  VERBOSE=1 clean"/>
					<DistClean command="/usr/bin/make -j8 -f &quot;/Users/hanxiao/xtnc/rnd/mdpe/Makefile&quot;  VERBOSE=1 clean"/>
				</MakeCommands>
			</Target>
			<Target title="mdpe/fast">
				<Option output="/Users/hanxiao/xtnc/rnd/mdpe/mdpe" prefix_auto="0" extension_auto="0"/>
				<Option working_dir="/Users/hanxiao/xtnc/rnd/mdpe"/>
				<Option object_output="./"/>
				<Option type="1"/>
				<Option compiler="gcc"/>
				<Compiler>
					<Add directory="/Users/hanxiao/xtnc/rnd/mdpe/src"/>
					<Add directory="/Users/hanxiao/xtnc/rnd/mdpe/./src/includes"/>
					<Add directory="/opt/bb/include"/>
					<Add directory="/opt/xtnc/include"/>
					<Add directory="/Library/Developer/CommandLineTools/usr/include/c++/v1"/>
					<Add directory="/usr/local/include"/>
					<Add directory="/Library/Developer/CommandLineTools/usr/lib/clang/9.0.0/include"/>
					<Add directory="/Library/Developer/CommandLineTools/usr/include"/>
					<Add directory="/usr/include"/>
					<Add directory="/System/Library/Frameworks"/>
					<Add directory="/Library/Frameworks"/>
				</Compiler>
				<MakeCommands>
					<Build command="/usr/bin/make -j8 -f &quot;/Users/hanxiao/xtnc/rnd/mdpe/Makefile&quot;  VERBOSE=1 mdpe/fast"/>
					<CompileFile command="/usr/bin/make -j8 -f &quot;/Users/hanxiao/xtnc/rnd/mdpe/Makefile&quot;  VERBOSE=1 &quot;$file&quot;"/>
					<Clean command="/usr/bin/make -j8 -f &quot;/Users/hanxiao/xtnc/rnd/mdpe/Makefile&quot;  VERBOSE=1 clean"/>
					<DistClean command="/usr/bin/make -j8 -f &quot;/Users/hanxiao/xtnc/rnd/mdpe/Makefile&quot;  VERBOSE=1 clean"/>
				</MakeCommands>
			</Target>
		</Build>
		<Unit filename="/Users/hanxiao/xtnc/rnd/mdpe/Main.cpp">
			<Option target="mdpe"/>
		</Unit>
		<Unit filename="/Users/hanxiao/xtnc/rnd/mdpe/src/Helpers/Message.cpp">
			<Option target="mdpe"/>
		</Unit>
		<Unit filename="/Users/hanxiao/xtnc/rnd/mdpe/src/Helpers/Topics.cpp">
			<Option target="mdpe"/>
		</Unit>
		<Unit filename="/Users/hanxiao/xtnc/rnd/mdpe/src/IBInterface.cpp">
			<Option target="mdpe"/>
		</Unit>
		<Unit filename="/Users/hanxiao/xtnc/rnd/mdpe/src/Nodes/Node.cpp">
			<Option target="mdpe"/>
		</Unit>
		<Unit filename="/Users/hanxiao/xtnc/rnd/mdpe/src/Nodes/StreamingNode.cpp">
			<Option target="mdpe"/>
		</Unit>
		<Unit filename="/Users/hanxiao/xtnc/rnd/mdpe/src/Nodes/SubscriberNode.cpp">
			<Option target="mdpe"/>
		</Unit>
		<Unit filename="/Users/hanxiao/xtnc/rnd/mdpe/src/includes/IBInterface.h">
			<Option target="mdpe"/>
		</Unit>
		<Unit filename="/Users/hanxiao/xtnc/rnd/mdpe/src/includes/Message.h">
			<Option target="mdpe"/>
		</Unit>
		<Unit filename="/Users/hanxiao/xtnc/rnd/mdpe/src/includes/Node.h">
			<Option target="mdpe"/>
		</Unit>
		<Unit filename="/Users/hanxiao/xtnc/rnd/mdpe/src/includes/StreamingNode.h">
			<Option target="mdpe"/>
		</Unit>
		<Unit filename="/Users/hanxiao/xtnc/rnd/mdpe/src/includes/SubscriberNode.h">
			<Option target="mdpe"/>
		</Unit>
		<Unit filename="/Users/hanxiao/xtnc/rnd/mdpe/src/includes/Topics.h">
			<Option target="mdpe"/>
		</Unit>
		<Unit filename="/Users/hanxiao/xtnc/rnd/mdpe/CMakeLists.txt">
			<Option virtualFolder="CMake Files\"/>
		</Unit>
	</Project>
</CodeBlocks_project_file>
